// !$*UTF8*$!
{
	archiveVersion = 1;
	classes = {
	};
	objectVersion = 55;
	objects = {

/* Begin PBXBuildFile section */
		490365872787CEB8007E8F7A /* TopicDetailsScreen.swift in Sources */ = {isa = PBXBuildFile; fileRef = 490365862787CEB8007E8F7A /* TopicDetailsScreen.swift */; };
		490365892787CF90007E8F7A /* TopicsViewModel.swift in Sources */ = {isa = PBXBuildFile; fileRef = 490365882787CF90007E8F7A /* TopicsViewModel.swift */; };
		4903658C2787E13D007E8F7A /* BookmarksLandingScreen.swift in Sources */ = {isa = PBXBuildFile; fileRef = 4903658B2787E13D007E8F7A /* BookmarksLandingScreen.swift */; };
		4903658E2787EB14007E8F7A /* BookmarkViewModel.swift in Sources */ = {isa = PBXBuildFile; fileRef = 4903658D2787EB14007E8F7A /* BookmarkViewModel.swift */; };
		4903659127893F09007E8F7A /* ProfileLanding.swift in Sources */ = {isa = PBXBuildFile; fileRef = 4903659027893F08007E8F7A /* ProfileLanding.swift */; };
		49036593278955D9007E8F7A /* ProfileCountrySetup.swift in Sources */ = {isa = PBXBuildFile; fileRef = 49036592278955D9007E8F7A /* ProfileCountrySetup.swift */; };
		490365952789560A007E8F7A /* ProfileSettingsCell.swift in Sources */ = {isa = PBXBuildFile; fileRef = 490365942789560A007E8F7A /* ProfileSettingsCell.swift */; };
		49036597278964A7007E8F7A /* NewsSortingConfigMenu.swift in Sources */ = {isa = PBXBuildFile; fileRef = 49036596278964A7007E8F7A /* NewsSortingConfigMenu.swift */; };
		49036599278964E7007E8F7A /* Enums.swift in Sources */ = {isa = PBXBuildFile; fileRef = 49036598278964E7007E8F7A /* Enums.swift */; };
		4903659C27896EBE007E8F7A /* ProfileCategoriesList.swift in Sources */ = {isa = PBXBuildFile; fileRef = 4903659B27896EBE007E8F7A /* ProfileCategoriesList.swift */; };
		490B05362775718A00A761F7 /* NewsAPIApp.swift in Sources */ = {isa = PBXBuildFile; fileRef = 490B05352775718A00A761F7 /* NewsAPIApp.swift */; };
		490B05382775718A00A761F7 /* ContentView.swift in Sources */ = {isa = PBXBuildFile; fileRef = 490B05372775718A00A761F7 /* ContentView.swift */; };
		490B053A2775718C00A761F7 /* Assets.xcassets in Resources */ = {isa = PBXBuildFile; fileRef = 490B05392775718C00A761F7 /* Assets.xcassets */; };
		490B053D2775718C00A761F7 /* Preview Assets.xcassets in Resources */ = {isa = PBXBuildFile; fileRef = 490B053C2775718C00A761F7 /* Preview Assets.xcassets */; };
		490B05472775718C00A761F7 /* NewsAPITests.swift in Sources */ = {isa = PBXBuildFile; fileRef = 490B05462775718C00A761F7 /* NewsAPITests.swift */; };
		490B05512775718D00A761F7 /* NewsAPIUITests.swift in Sources */ = {isa = PBXBuildFile; fileRef = 490B05502775718D00A761F7 /* NewsAPIUITests.swift */; };
		490B05532775718D00A761F7 /* NewsAPIUITestsLaunchTests.swift in Sources */ = {isa = PBXBuildFile; fileRef = 490B05522775718D00A761F7 /* NewsAPIUITestsLaunchTests.swift */; };
		490B0566277575D400A761F7 /* Colors.swift in Sources */ = {isa = PBXBuildFile; fileRef = 490B0565277575D400A761F7 /* Colors.swift */; };
		490B05682775773800A761F7 /* Assets.swift in Sources */ = {isa = PBXBuildFile; fileRef = 490B05672775773800A761F7 /* Assets.swift */; };
		490B056C277577E000A761F7 /* SplashScreen.swift in Sources */ = {isa = PBXBuildFile; fileRef = 490B056B277577E000A761F7 /* SplashScreen.swift */; };
		490B056E2775790F00A761F7 /* Constants.swift in Sources */ = {isa = PBXBuildFile; fileRef = 490B056D2775790F00A761F7 /* Constants.swift */; };
		490B057027757AB300A761F7 /* ProductTourScreen.swift in Sources */ = {isa = PBXBuildFile; fileRef = 490B056F27757AB300A761F7 /* ProductTourScreen.swift */; };
		490B057B27757E9500A761F7 /* Montserrat-ExtraBold.ttf in Resources */ = {isa = PBXBuildFile; fileRef = 490B057227757E9500A761F7 /* Montserrat-ExtraBold.ttf */; };
		490B057C27757E9500A761F7 /* Montserrat-Medium.ttf in Resources */ = {isa = PBXBuildFile; fileRef = 490B057327757E9500A761F7 /* Montserrat-Medium.ttf */; };
		490B057D27757E9500A761F7 /* Montserrat-Thin.ttf in Resources */ = {isa = PBXBuildFile; fileRef = 490B057427757E9500A761F7 /* Montserrat-Thin.ttf */; };
		490B057E27757E9500A761F7 /* Montserrat-Light.ttf in Resources */ = {isa = PBXBuildFile; fileRef = 490B057527757E9500A761F7 /* Montserrat-Light.ttf */; };
		490B057F27757E9500A761F7 /* Montserrat-ExtraLight.ttf in Resources */ = {isa = PBXBuildFile; fileRef = 490B057627757E9500A761F7 /* Montserrat-ExtraLight.ttf */; };
		490B058027757E9500A761F7 /* Montserrat-Regular.ttf in Resources */ = {isa = PBXBuildFile; fileRef = 490B057727757E9500A761F7 /* Montserrat-Regular.ttf */; };
		490B058127757E9500A761F7 /* Montserrat-Black.ttf in Resources */ = {isa = PBXBuildFile; fileRef = 490B057827757E9500A761F7 /* Montserrat-Black.ttf */; };
		490B058227757E9500A761F7 /* Montserrat-SemiBold.ttf in Resources */ = {isa = PBXBuildFile; fileRef = 490B057927757E9500A761F7 /* Montserrat-SemiBold.ttf */; };
		490B058327757E9500A761F7 /* Montserrat-Bold.ttf in Resources */ = {isa = PBXBuildFile; fileRef = 490B057A27757E9500A761F7 /* Montserrat-Bold.ttf */; };
		490B058527757EA800A761F7 /* Fonts.swift in Sources */ = {isa = PBXBuildFile; fileRef = 490B058427757EA800A761F7 /* Fonts.swift */; };
		490B05892775863000A761F7 /* ProductTourViewModel.swift in Sources */ = {isa = PBXBuildFile; fileRef = 490B05882775863000A761F7 /* ProductTourViewModel.swift */; };
		490B058B277596D400A761F7 /* Buttons.swift in Sources */ = {isa = PBXBuildFile; fileRef = 490B058A277596D400A761F7 /* Buttons.swift */; };
		490B058E2775987700A761F7 /* LoginOptionScreen.swift in Sources */ = {isa = PBXBuildFile; fileRef = 490B058D2775987700A761F7 /* LoginOptionScreen.swift */; };
		490B059027759E9100A761F7 /* Icons.swift in Sources */ = {isa = PBXBuildFile; fileRef = 490B058F27759E9100A761F7 /* Icons.swift */; };
		490B05922775A65000A761F7 /* LoginScreen.swift in Sources */ = {isa = PBXBuildFile; fileRef = 490B05912775A65000A761F7 /* LoginScreen.swift */; };
		490B05942775A6A800A761F7 /* NavigationHeader.swift in Sources */ = {isa = PBXBuildFile; fileRef = 490B05932775A6A800A761F7 /* NavigationHeader.swift */; };
		490B05962775ACC200A761F7 /* TextFields.swift in Sources */ = {isa = PBXBuildFile; fileRef = 490B05952775ACC200A761F7 /* TextFields.swift */; };
		490B05992775B38700A761F7 /* SignInViewModel.swift in Sources */ = {isa = PBXBuildFile; fileRef = 490B05982775B38700A761F7 /* SignInViewModel.swift */; };
		490B059B2775B78E00A761F7 /* SignInStack.swift in Sources */ = {isa = PBXBuildFile; fileRef = 490B059A2775B78E00A761F7 /* SignInStack.swift */; };
		490B059D27762D8C00A761F7 /* SignUpViewModel.swift in Sources */ = {isa = PBXBuildFile; fileRef = 490B059C27762D8C00A761F7 /* SignUpViewModel.swift */; };
		490B059F2776311A00A761F7 /* SignUpStack.swift in Sources */ = {isa = PBXBuildFile; fileRef = 490B059E2776311A00A761F7 /* SignUpStack.swift */; };
		490B05A12776321800A761F7 /* ForgotPasswordScreen.swift in Sources */ = {isa = PBXBuildFile; fileRef = 490B05A02776321800A761F7 /* ForgotPasswordScreen.swift */; };
		490B05A32776348800A761F7 /* ForgotPasswordViewModel.swift in Sources */ = {isa = PBXBuildFile; fileRef = 490B05A22776348800A761F7 /* ForgotPasswordViewModel.swift */; };
		490B05A52776380200A761F7 /* CodeVerificationScreen.swift in Sources */ = {isa = PBXBuildFile; fileRef = 490B05A42776380200A761F7 /* CodeVerificationScreen.swift */; };
		490B05A727763BED00A761F7 /* ResetPasswordViewModel.swift in Sources */ = {isa = PBXBuildFile; fileRef = 490B05A627763BED00A761F7 /* ResetPasswordViewModel.swift */; };
		490B05AA2776411E00A761F7 /* VerificationStack.swift in Sources */ = {isa = PBXBuildFile; fileRef = 490B05A92776411E00A761F7 /* VerificationStack.swift */; };
		490B05AC2776415200A761F7 /* UpdatePasswordStack.swift in Sources */ = {isa = PBXBuildFile; fileRef = 490B05AB2776415200A761F7 /* UpdatePasswordStack.swift */; };
		490B05B2277651C800A761F7 /* Countries.swift in Sources */ = {isa = PBXBuildFile; fileRef = 490B05B1277651C700A761F7 /* Countries.swift */; };
		490B05B427765BE500A761F7 /* countries.json in Resources */ = {isa = PBXBuildFile; fileRef = 490B05B327765BE500A761F7 /* countries.json */; };
		490B05B627765DBC00A761F7 /* CountrySetupScreen.swift in Sources */ = {isa = PBXBuildFile; fileRef = 490B05B527765DBC00A761F7 /* CountrySetupScreen.swift */; };
		490B05B92776B7FB00A761F7 /* AccountSetupViewModel.swift in Sources */ = {isa = PBXBuildFile; fileRef = 490B05B82776B7FA00A761F7 /* AccountSetupViewModel.swift */; };
		490B05BB2776CCF400A761F7 /* SourcesSetupScreen.swift in Sources */ = {isa = PBXBuildFile; fileRef = 490B05BA2776CCF300A761F7 /* SourcesSetupScreen.swift */; };
		490B05BD2776CEAE00A761F7 /* CategoriesSetupScreen.swift in Sources */ = {isa = PBXBuildFile; fileRef = 490B05BC2776CEAE00A761F7 /* CategoriesSetupScreen.swift */; };
		490B05BF2776D45A00A761F7 /* Category.swift in Sources */ = {isa = PBXBuildFile; fileRef = 490B05BE2776D45A00A761F7 /* Category.swift */; };
		490B05C12776DDDE00A761F7 /* Gradients.swift in Sources */ = {isa = PBXBuildFile; fileRef = 490B05C02776DDDE00A761F7 /* Gradients.swift */; };
		490B05C32776E9C400A761F7 /* BlurView.swift in Sources */ = {isa = PBXBuildFile; fileRef = 490B05C22776E9C400A761F7 /* BlurView.swift */; };
		490B05C52776ED1500A761F7 /* CategoryCell.swift in Sources */ = {isa = PBXBuildFile; fileRef = 490B05C42776ED1500A761F7 /* CategoryCell.swift */; };
		490B05C72777B8FB00A761F7 /* sources.json in Resources */ = {isa = PBXBuildFile; fileRef = 490B05C62777B8FB00A761F7 /* sources.json */; };
		490B05C92777B95B00A761F7 /* Sources.swift in Sources */ = {isa = PBXBuildFile; fileRef = 490B05C82777B95B00A761F7 /* Sources.swift */; };
		490B05CB2777BBD200A761F7 /* SourcesCell.swift in Sources */ = {isa = PBXBuildFile; fileRef = 490B05CA2777BBD100A761F7 /* SourcesCell.swift */; };
		490B05CE2777BECB00A761F7 /* SDWebImageSwiftUI in Frameworks */ = {isa = PBXBuildFile; productRef = 490B05CD2777BECB00A761F7 /* SDWebImageSwiftUI */; };
		490B05D02777D21600A761F7 /* ProfileSetupScreen.swift in Sources */ = {isa = PBXBuildFile; fileRef = 490B05CF2777D21600A761F7 /* ProfileSetupScreen.swift */; };
		490B05D22778117300A761F7 /* ImagePicker.swift in Sources */ = {isa = PBXBuildFile; fileRef = 490B05D12778117300A761F7 /* ImagePicker.swift */; };
		490B05D42778205100A761F7 /* Animations.swift in Sources */ = {isa = PBXBuildFile; fileRef = 490B05D32778205100A761F7 /* Animations.swift */; };
		490B05D7277829B700A761F7 /* UserProfile.swift in Sources */ = {isa = PBXBuildFile; fileRef = 490B05D6277829B700A761F7 /* UserProfile.swift */; };
		490B05D927782C9600A761F7 /* SetupCompleteScreen.swift in Sources */ = {isa = PBXBuildFile; fileRef = 490B05D827782C9600A761F7 /* SetupCompleteScreen.swift */; };
		490B05DC2778429000A761F7 /* CategoriesList.swift in Sources */ = {isa = PBXBuildFile; fileRef = 490B05DB2778429000A761F7 /* CategoriesList.swift */; };
		490B05DF277842EE00A761F7 /* SourcesList.swift in Sources */ = {isa = PBXBuildFile; fileRef = 490B05DE277842EE00A761F7 /* SourcesList.swift */; };
		490B05E2277963D000A761F7 /* CountryList.swift in Sources */ = {isa = PBXBuildFile; fileRef = 490B05E1277963D000A761F7 /* CountryList.swift */; };
		490B05E42779643400A761F7 /* CountryCell.swift in Sources */ = {isa = PBXBuildFile; fileRef = 490B05E32779643400A761F7 /* CountryCell.swift */; };
		490B05E627797F8A00A761F7 /* GuestOverlayScreen.swift in Sources */ = {isa = PBXBuildFile; fileRef = 490B05E527797F8A00A761F7 /* GuestOverlayScreen.swift */; };
		490B05E8277985BB00A761F7 /* CustomTab.swift in Sources */ = {isa = PBXBuildFile; fileRef = 490B05E7277985BB00A761F7 /* CustomTab.swift */; };
		490B05EB277990A200A761F7 /* RootView.swift in Sources */ = {isa = PBXBuildFile; fileRef = 490B05EA277990A200A761F7 /* RootView.swift */; };
		490B05EE277A747D00A761F7 /* NewsLandingScreen.swift in Sources */ = {isa = PBXBuildFile; fileRef = 490B05ED277A747D00A761F7 /* NewsLandingScreen.swift */; };
		490B05F0277A7EE600A761F7 /* News.swift in Sources */ = {isa = PBXBuildFile; fileRef = 490B05EF277A7EE600A761F7 /* News.swift */; };
		490B05F2277A854700A761F7 /* Bookmark.swift in Sources */ = {isa = PBXBuildFile; fileRef = 490B05F1277A854700A761F7 /* Bookmark.swift */; };
		490B05F4277AA56C00A761F7 /* APIUtility.swift in Sources */ = {isa = PBXBuildFile; fileRef = 490B05F3277AA56C00A761F7 /* APIUtility.swift */; };
		490B05F7277AA5EB00A761F7 /* Alamofire in Frameworks */ = {isa = PBXBuildFile; productRef = 490B05F6277AA5EB00A761F7 /* Alamofire */; };
		490B05FA277AE12B00A761F7 /* NewsLandingViewModel.swift in Sources */ = {isa = PBXBuildFile; fileRef = 490B05F9277AE12B00A761F7 /* NewsLandingViewModel.swift */; };
		490B05FC277B8B9D00A761F7 /* NewsCell.swift in Sources */ = {isa = PBXBuildFile; fileRef = 490B05FB277B8B9D00A761F7 /* NewsCell.swift */; };
		490B05FE277B8C3400A761F7 /* NewsLandingHero.swift in Sources */ = {isa = PBXBuildFile; fileRef = 490B05FD277B8C3400A761F7 /* NewsLandingHero.swift */; };
		490B0600277BC0F500A761F7 /* NewsWebView.swift in Sources */ = {isa = PBXBuildFile; fileRef = 490B05FF277BC0F400A761F7 /* NewsWebView.swift */; };
		490B0602277BC3B000A761F7 /* WebView.swift in Sources */ = {isa = PBXBuildFile; fileRef = 490B0601277BC3B000A761F7 /* WebView.swift */; };
		490B0605277BD9ED00A761F7 /* DiscoverLandingScreen.swift in Sources */ = {isa = PBXBuildFile; fileRef = 490B0604277BD9ED00A761F7 /* DiscoverLandingScreen.swift */; };
		490B0607277BF39C00A761F7 /* DiscoverCell.swift in Sources */ = {isa = PBXBuildFile; fileRef = 490B0606277BF39C00A761F7 /* DiscoverCell.swift */; };
		490B0609277BF83000A761F7 /* DFollowingLandingScreen.swift in Sources */ = {isa = PBXBuildFile; fileRef = 490B0608277BF83000A761F7 /* DFollowingLandingScreen.swift */; };
		490B060C277C03EB00A761F7 /* SourcesProfilePageViewModel.swift in Sources */ = {isa = PBXBuildFile; fileRef = 490B060B277C03EA00A761F7 /* SourcesProfilePageViewModel.swift */; };
		490B060E277CCB4A00A761F7 /* DiscoverSourcesCell.swift in Sources */ = {isa = PBXBuildFile; fileRef = 490B060D277CCB4A00A761F7 /* DiscoverSourcesCell.swift */; };
		490B0613277D03FE00A761F7 /* SourceProfilePage.swift in Sources */ = {isa = PBXBuildFile; fileRef = 490B0612277D03FE00A761F7 /* SourceProfilePage.swift */; };
		490B0615277D766700A761F7 /* DiscoverCategoriesLanding.swift in Sources */ = {isa = PBXBuildFile; fileRef = 490B0614277D766700A761F7 /* DiscoverCategoriesLanding.swift */; };
		490B0617277D7E1100A761F7 /* CategoryNewsPage.swift in Sources */ = {isa = PBXBuildFile; fileRef = 490B0616277D7E1100A761F7 /* CategoryNewsPage.swift */; };
		490B0619277D840000A761F7 /* CategoryNewsPageViewModel.swift in Sources */ = {isa = PBXBuildFile; fileRef = 490B0618277D840000A761F7 /* CategoryNewsPageViewModel.swift */; };
		490B061B277D8AC800A761F7 /* CountryNewsPage.swift in Sources */ = {isa = PBXBuildFile; fileRef = 490B061A277D8AC800A761F7 /* CountryNewsPage.swift */; };
		490B061D277D8D9100A761F7 /* NewsListViewModel.swift in Sources */ = {isa = PBXBuildFile; fileRef = 490B061C277D8D9100A761F7 /* NewsListViewModel.swift */; };
		490B061F277E2E6200A761F7 /* CountryNewsViewModel.swift in Sources */ = {isa = PBXBuildFile; fileRef = 490B061E277E2E6200A761F7 /* CountryNewsViewModel.swift */; };
		490B0621277E463D00A761F7 /* NewsListItems.swift in Sources */ = {isa = PBXBuildFile; fileRef = 490B0620277E463D00A761F7 /* NewsListItems.swift */; };
		490B0623277E61F700A761F7 /* SearchPageViewModel.swift in Sources */ = {isa = PBXBuildFile; fileRef = 490B0622277E61F700A761F7 /* SearchPageViewModel.swift */; };
		490B0625277E631400A761F7 /* SearchPageLanding.swift in Sources */ = {isa = PBXBuildFile; fileRef = 490B0624277E631400A761F7 /* SearchPageLanding.swift */; };
		493C163A2782BDE800887505 /* Dates.swift in Sources */ = {isa = PBXBuildFile; fileRef = 493C16392782BDE800887505 /* Dates.swift */; };
		494151EA278AB79F00311960 /* EditBioScreen.swift in Sources */ = {isa = PBXBuildFile; fileRef = 494151E9278AB79F00311960 /* EditBioScreen.swift */; };
		494151EC278ABC4100311960 /* AppDataModel.swift in Sources */ = {isa = PBXBuildFile; fileRef = 494151EB278ABC4100311960 /* AppDataModel.swift */; };
		494151EE278ABC5D00311960 /* Extensions.swift in Sources */ = {isa = PBXBuildFile; fileRef = 494151ED278ABC5D00311960 /* Extensions.swift */; };
		494151F0278ABCD300311960 /* ErrorModel.swift in Sources */ = {isa = PBXBuildFile; fileRef = 494151EF278ABCD300311960 /* ErrorModel.swift */; };
		494151F2278ABD3700311960 /* ProfileSourcesScreen.swift in Sources */ = {isa = PBXBuildFile; fileRef = 494151F1278ABD3700311960 /* ProfileSourcesScreen.swift */; };
		494151F4278ABDCB00311960 /* Following.swift in Sources */ = {isa = PBXBuildFile; fileRef = 494151F3278ABDCB00311960 /* Following.swift */; };
		494151F6278ABDFD00311960 /* NewsCompletion.swift in Sources */ = {isa = PBXBuildFile; fileRef = 494151F5278ABDFD00311960 /* NewsCompletion.swift */; };
		495F85A12783A3E000DD4C02 /* TopicsListingPage.swift in Sources */ = {isa = PBXBuildFile; fileRef = 495F85A02783A3E000DD4C02 /* TopicsListingPage.swift */; };
/* End PBXBuildFile section */

/* Begin PBXContainerItemProxy section */
		490B05432775718C00A761F7 /* PBXContainerItemProxy */ = {
			isa = PBXContainerItemProxy;
			containerPortal = 490B052A2775718A00A761F7 /* Project object */;
			proxyType = 1;
			remoteGlobalIDString = 490B05312775718A00A761F7;
			remoteInfo = NewsAPI;
		};
		490B054D2775718D00A761F7 /* PBXContainerItemProxy */ = {
			isa = PBXContainerItemProxy;
			containerPortal = 490B052A2775718A00A761F7 /* Project object */;
			proxyType = 1;
			remoteGlobalIDString = 490B05312775718A00A761F7;
			remoteInfo = NewsAPI;
		};
/* End PBXContainerItemProxy section */

/* Begin PBXFileReference section */
		490365862787CEB8007E8F7A /* TopicDetailsScreen.swift */ = {isa = PBXFileReference; lastKnownFileType = sourcecode.swift; path = TopicDetailsScreen.swift; sourceTree = "<group>"; };
		490365882787CF90007E8F7A /* TopicsViewModel.swift */ = {isa = PBXFileReference; lastKnownFileType = sourcecode.swift; path = TopicsViewModel.swift; sourceTree = "<group>"; };
		4903658B2787E13D007E8F7A /* BookmarksLandingScreen.swift */ = {isa = PBXFileReference; lastKnownFileType = sourcecode.swift; path = BookmarksLandingScreen.swift; sourceTree = "<group>"; };
		4903658D2787EB14007E8F7A /* BookmarkViewModel.swift */ = {isa = PBXFileReference; lastKnownFileType = sourcecode.swift; path = BookmarkViewModel.swift; sourceTree = "<group>"; };
		4903659027893F08007E8F7A /* ProfileLanding.swift */ = {isa = PBXFileReference; lastKnownFileType = sourcecode.swift; path = ProfileLanding.swift; sourceTree = "<group>"; };
		49036592278955D9007E8F7A /* ProfileCountrySetup.swift */ = {isa = PBXFileReference; lastKnownFileType = sourcecode.swift; path = ProfileCountrySetup.swift; sourceTree = "<group>"; };
		490365942789560A007E8F7A /* ProfileSettingsCell.swift */ = {isa = PBXFileReference; lastKnownFileType = sourcecode.swift; path = ProfileSettingsCell.swift; sourceTree = "<group>"; };
		49036596278964A7007E8F7A /* NewsSortingConfigMenu.swift */ = {isa = PBXFileReference; lastKnownFileType = sourcecode.swift; path = NewsSortingConfigMenu.swift; sourceTree = "<group>"; };
		49036598278964E7007E8F7A /* Enums.swift */ = {isa = PBXFileReference; lastKnownFileType = sourcecode.swift; path = Enums.swift; sourceTree = "<group>"; };
		4903659B27896EBE007E8F7A /* ProfileCategoriesList.swift */ = {isa = PBXFileReference; lastKnownFileType = sourcecode.swift; path = ProfileCategoriesList.swift; sourceTree = "<group>"; };
		490B05322775718A00A761F7 /* NewsAPI.app */ = {isa = PBXFileReference; explicitFileType = wrapper.application; includeInIndex = 0; path = NewsAPI.app; sourceTree = BUILT_PRODUCTS_DIR; };
		490B05352775718A00A761F7 /* NewsAPIApp.swift */ = {isa = PBXFileReference; lastKnownFileType = sourcecode.swift; path = NewsAPIApp.swift; sourceTree = "<group>"; };
		490B05372775718A00A761F7 /* ContentView.swift */ = {isa = PBXFileReference; lastKnownFileType = sourcecode.swift; path = ContentView.swift; sourceTree = "<group>"; };
		490B05392775718C00A761F7 /* Assets.xcassets */ = {isa = PBXFileReference; lastKnownFileType = folder.assetcatalog; path = Assets.xcassets; sourceTree = "<group>"; };
		490B053C2775718C00A761F7 /* Preview Assets.xcassets */ = {isa = PBXFileReference; lastKnownFileType = folder.assetcatalog; path = "Preview Assets.xcassets"; sourceTree = "<group>"; };
		490B05422775718C00A761F7 /* NewsAPITests.xctest */ = {isa = PBXFileReference; explicitFileType = wrapper.cfbundle; includeInIndex = 0; path = NewsAPITests.xctest; sourceTree = BUILT_PRODUCTS_DIR; };
		490B05462775718C00A761F7 /* NewsAPITests.swift */ = {isa = PBXFileReference; lastKnownFileType = sourcecode.swift; path = NewsAPITests.swift; sourceTree = "<group>"; };
		490B054C2775718D00A761F7 /* NewsAPIUITests.xctest */ = {isa = PBXFileReference; explicitFileType = wrapper.cfbundle; includeInIndex = 0; path = NewsAPIUITests.xctest; sourceTree = BUILT_PRODUCTS_DIR; };
		490B05502775718D00A761F7 /* NewsAPIUITests.swift */ = {isa = PBXFileReference; lastKnownFileType = sourcecode.swift; path = NewsAPIUITests.swift; sourceTree = "<group>"; };
		490B05522775718D00A761F7 /* NewsAPIUITestsLaunchTests.swift */ = {isa = PBXFileReference; lastKnownFileType = sourcecode.swift; path = NewsAPIUITestsLaunchTests.swift; sourceTree = "<group>"; };
		490B0565277575D400A761F7 /* Colors.swift */ = {isa = PBXFileReference; lastKnownFileType = sourcecode.swift; path = Colors.swift; sourceTree = "<group>"; };
		490B05672775773800A761F7 /* Assets.swift */ = {isa = PBXFileReference; lastKnownFileType = sourcecode.swift; path = Assets.swift; sourceTree = "<group>"; };
		490B056B277577E000A761F7 /* SplashScreen.swift */ = {isa = PBXFileReference; lastKnownFileType = sourcecode.swift; path = SplashScreen.swift; sourceTree = "<group>"; };
		490B056D2775790F00A761F7 /* Constants.swift */ = {isa = PBXFileReference; lastKnownFileType = sourcecode.swift; path = Constants.swift; sourceTree = "<group>"; };
		490B056F27757AB300A761F7 /* ProductTourScreen.swift */ = {isa = PBXFileReference; lastKnownFileType = sourcecode.swift; path = ProductTourScreen.swift; sourceTree = "<group>"; };
		490B057227757E9500A761F7 /* Montserrat-ExtraBold.ttf */ = {isa = PBXFileReference; lastKnownFileType = file; path = "Montserrat-ExtraBold.ttf"; sourceTree = "<group>"; };
		490B057327757E9500A761F7 /* Montserrat-Medium.ttf */ = {isa = PBXFileReference; lastKnownFileType = file; path = "Montserrat-Medium.ttf"; sourceTree = "<group>"; };
		490B057427757E9500A761F7 /* Montserrat-Thin.ttf */ = {isa = PBXFileReference; lastKnownFileType = file; path = "Montserrat-Thin.ttf"; sourceTree = "<group>"; };
		490B057527757E9500A761F7 /* Montserrat-Light.ttf */ = {isa = PBXFileReference; lastKnownFileType = file; path = "Montserrat-Light.ttf"; sourceTree = "<group>"; };
		490B057627757E9500A761F7 /* Montserrat-ExtraLight.ttf */ = {isa = PBXFileReference; lastKnownFileType = file; path = "Montserrat-ExtraLight.ttf"; sourceTree = "<group>"; };
		490B057727757E9500A761F7 /* Montserrat-Regular.ttf */ = {isa = PBXFileReference; lastKnownFileType = file; path = "Montserrat-Regular.ttf"; sourceTree = "<group>"; };
		490B057827757E9500A761F7 /* Montserrat-Black.ttf */ = {isa = PBXFileReference; lastKnownFileType = file; path = "Montserrat-Black.ttf"; sourceTree = "<group>"; };
		490B057927757E9500A761F7 /* Montserrat-SemiBold.ttf */ = {isa = PBXFileReference; lastKnownFileType = file; path = "Montserrat-SemiBold.ttf"; sourceTree = "<group>"; };
		490B057A27757E9500A761F7 /* Montserrat-Bold.ttf */ = {isa = PBXFileReference; lastKnownFileType = file; path = "Montserrat-Bold.ttf"; sourceTree = "<group>"; };
		490B058427757EA800A761F7 /* Fonts.swift */ = {isa = PBXFileReference; lastKnownFileType = sourcecode.swift; path = Fonts.swift; sourceTree = "<group>"; };
		490B05862775802E00A761F7 /* Info.plist */ = {isa = PBXFileReference; lastKnownFileType = text.plist; path = Info.plist; sourceTree = "<group>"; };
		490B05882775863000A761F7 /* ProductTourViewModel.swift */ = {isa = PBXFileReference; lastKnownFileType = sourcecode.swift; path = ProductTourViewModel.swift; sourceTree = "<group>"; };
		490B058A277596D400A761F7 /* Buttons.swift */ = {isa = PBXFileReference; lastKnownFileType = sourcecode.swift; path = Buttons.swift; sourceTree = "<group>"; };
		490B058D2775987700A761F7 /* LoginOptionScreen.swift */ = {isa = PBXFileReference; lastKnownFileType = sourcecode.swift; path = LoginOptionScreen.swift; sourceTree = "<group>"; };
		490B058F27759E9100A761F7 /* Icons.swift */ = {isa = PBXFileReference; lastKnownFileType = sourcecode.swift; path = Icons.swift; sourceTree = "<group>"; };
		490B05912775A65000A761F7 /* LoginScreen.swift */ = {isa = PBXFileReference; lastKnownFileType = sourcecode.swift; path = LoginScreen.swift; sourceTree = "<group>"; };
		490B05932775A6A800A761F7 /* NavigationHeader.swift */ = {isa = PBXFileReference; lastKnownFileType = sourcecode.swift; path = NavigationHeader.swift; sourceTree = "<group>"; };
		490B05952775ACC200A761F7 /* TextFields.swift */ = {isa = PBXFileReference; lastKnownFileType = sourcecode.swift; path = TextFields.swift; sourceTree = "<group>"; };
		490B05982775B38700A761F7 /* SignInViewModel.swift */ = {isa = PBXFileReference; lastKnownFileType = sourcecode.swift; path = SignInViewModel.swift; sourceTree = "<group>"; };
		490B059A2775B78E00A761F7 /* SignInStack.swift */ = {isa = PBXFileReference; lastKnownFileType = sourcecode.swift; path = SignInStack.swift; sourceTree = "<group>"; };
		490B059C27762D8C00A761F7 /* SignUpViewModel.swift */ = {isa = PBXFileReference; lastKnownFileType = sourcecode.swift; path = SignUpViewModel.swift; sourceTree = "<group>"; };
		490B059E2776311A00A761F7 /* SignUpStack.swift */ = {isa = PBXFileReference; lastKnownFileType = sourcecode.swift; path = SignUpStack.swift; sourceTree = "<group>"; };
		490B05A02776321800A761F7 /* ForgotPasswordScreen.swift */ = {isa = PBXFileReference; lastKnownFileType = sourcecode.swift; path = ForgotPasswordScreen.swift; sourceTree = "<group>"; };
		490B05A22776348800A761F7 /* ForgotPasswordViewModel.swift */ = {isa = PBXFileReference; lastKnownFileType = sourcecode.swift; path = ForgotPasswordViewModel.swift; sourceTree = "<group>"; };
		490B05A42776380200A761F7 /* CodeVerificationScreen.swift */ = {isa = PBXFileReference; lastKnownFileType = sourcecode.swift; path = CodeVerificationScreen.swift; sourceTree = "<group>"; };
		490B05A627763BED00A761F7 /* ResetPasswordViewModel.swift */ = {isa = PBXFileReference; lastKnownFileType = sourcecode.swift; path = ResetPasswordViewModel.swift; sourceTree = "<group>"; };
		490B05A92776411E00A761F7 /* VerificationStack.swift */ = {isa = PBXFileReference; lastKnownFileType = sourcecode.swift; path = VerificationStack.swift; sourceTree = "<group>"; };
		490B05AB2776415200A761F7 /* UpdatePasswordStack.swift */ = {isa = PBXFileReference; lastKnownFileType = sourcecode.swift; path = UpdatePasswordStack.swift; sourceTree = "<group>"; };
		490B05B1277651C700A761F7 /* Countries.swift */ = {isa = PBXFileReference; lastKnownFileType = sourcecode.swift; path = Countries.swift; sourceTree = "<group>"; };
		490B05B327765BE500A761F7 /* countries.json */ = {isa = PBXFileReference; lastKnownFileType = text.json; path = countries.json; sourceTree = "<group>"; };
		490B05B527765DBC00A761F7 /* CountrySetupScreen.swift */ = {isa = PBXFileReference; lastKnownFileType = sourcecode.swift; path = CountrySetupScreen.swift; sourceTree = "<group>"; };
		490B05B82776B7FA00A761F7 /* AccountSetupViewModel.swift */ = {isa = PBXFileReference; lastKnownFileType = sourcecode.swift; path = AccountSetupViewModel.swift; sourceTree = "<group>"; };
		490B05BA2776CCF300A761F7 /* SourcesSetupScreen.swift */ = {isa = PBXFileReference; lastKnownFileType = sourcecode.swift; path = SourcesSetupScreen.swift; sourceTree = "<group>"; };
		490B05BC2776CEAE00A761F7 /* CategoriesSetupScreen.swift */ = {isa = PBXFileReference; lastKnownFileType = sourcecode.swift; path = CategoriesSetupScreen.swift; sourceTree = "<group>"; };
		490B05BE2776D45A00A761F7 /* Category.swift */ = {isa = PBXFileReference; lastKnownFileType = sourcecode.swift; path = Category.swift; sourceTree = "<group>"; };
		490B05C02776DDDE00A761F7 /* Gradients.swift */ = {isa = PBXFileReference; lastKnownFileType = sourcecode.swift; path = Gradients.swift; sourceTree = "<group>"; };
		490B05C22776E9C400A761F7 /* BlurView.swift */ = {isa = PBXFileReference; lastKnownFileType = sourcecode.swift; path = BlurView.swift; sourceTree = "<group>"; };
		490B05C42776ED1500A761F7 /* CategoryCell.swift */ = {isa = PBXFileReference; lastKnownFileType = sourcecode.swift; path = CategoryCell.swift; sourceTree = "<group>"; };
		490B05C62777B8FB00A761F7 /* sources.json */ = {isa = PBXFileReference; lastKnownFileType = text.json; path = sources.json; sourceTree = "<group>"; };
		490B05C82777B95B00A761F7 /* Sources.swift */ = {isa = PBXFileReference; lastKnownFileType = sourcecode.swift; path = Sources.swift; sourceTree = "<group>"; };
		490B05CA2777BBD100A761F7 /* SourcesCell.swift */ = {isa = PBXFileReference; lastKnownFileType = sourcecode.swift; path = SourcesCell.swift; sourceTree = "<group>"; };
		490B05CF2777D21600A761F7 /* ProfileSetupScreen.swift */ = {isa = PBXFileReference; lastKnownFileType = sourcecode.swift; path = ProfileSetupScreen.swift; sourceTree = "<group>"; };
		490B05D12778117300A761F7 /* ImagePicker.swift */ = {isa = PBXFileReference; lastKnownFileType = sourcecode.swift; path = ImagePicker.swift; sourceTree = "<group>"; };
		490B05D32778205100A761F7 /* Animations.swift */ = {isa = PBXFileReference; lastKnownFileType = sourcecode.swift; path = Animations.swift; sourceTree = "<group>"; };
		490B05D6277829B700A761F7 /* UserProfile.swift */ = {isa = PBXFileReference; lastKnownFileType = sourcecode.swift; path = UserProfile.swift; sourceTree = "<group>"; };
		490B05D827782C9600A761F7 /* SetupCompleteScreen.swift */ = {isa = PBXFileReference; lastKnownFileType = sourcecode.swift; path = SetupCompleteScreen.swift; sourceTree = "<group>"; };
		490B05DB2778429000A761F7 /* CategoriesList.swift */ = {isa = PBXFileReference; lastKnownFileType = sourcecode.swift; path = CategoriesList.swift; sourceTree = "<group>"; };
		490B05DE277842EE00A761F7 /* SourcesList.swift */ = {isa = PBXFileReference; lastKnownFileType = sourcecode.swift; path = SourcesList.swift; sourceTree = "<group>"; };
		490B05E1277963D000A761F7 /* CountryList.swift */ = {isa = PBXFileReference; lastKnownFileType = sourcecode.swift; path = CountryList.swift; sourceTree = "<group>"; };
		490B05E32779643400A761F7 /* CountryCell.swift */ = {isa = PBXFileReference; lastKnownFileType = sourcecode.swift; path = CountryCell.swift; sourceTree = "<group>"; };
		490B05E527797F8A00A761F7 /* GuestOverlayScreen.swift */ = {isa = PBXFileReference; lastKnownFileType = sourcecode.swift; path = GuestOverlayScreen.swift; sourceTree = "<group>"; };
		490B05E7277985BB00A761F7 /* CustomTab.swift */ = {isa = PBXFileReference; lastKnownFileType = sourcecode.swift; path = CustomTab.swift; sourceTree = "<group>"; };
		490B05EA277990A200A761F7 /* RootView.swift */ = {isa = PBXFileReference; lastKnownFileType = sourcecode.swift; path = RootView.swift; sourceTree = "<group>"; };
		490B05ED277A747D00A761F7 /* NewsLandingScreen.swift */ = {isa = PBXFileReference; lastKnownFileType = sourcecode.swift; path = NewsLandingScreen.swift; sourceTree = "<group>"; };
		490B05EF277A7EE600A761F7 /* News.swift */ = {isa = PBXFileReference; lastKnownFileType = sourcecode.swift; path = News.swift; sourceTree = "<group>"; };
		490B05F1277A854700A761F7 /* Bookmark.swift */ = {isa = PBXFileReference; lastKnownFileType = sourcecode.swift; path = Bookmark.swift; sourceTree = "<group>"; };
		490B05F3277AA56C00A761F7 /* APIUtility.swift */ = {isa = PBXFileReference; lastKnownFileType = sourcecode.swift; path = APIUtility.swift; sourceTree = "<group>"; };
		490B05F9277AE12B00A761F7 /* NewsLandingViewModel.swift */ = {isa = PBXFileReference; lastKnownFileType = sourcecode.swift; path = NewsLandingViewModel.swift; sourceTree = "<group>"; };
		490B05FB277B8B9D00A761F7 /* NewsCell.swift */ = {isa = PBXFileReference; lastKnownFileType = sourcecode.swift; path = NewsCell.swift; sourceTree = "<group>"; };
		490B05FD277B8C3400A761F7 /* NewsLandingHero.swift */ = {isa = PBXFileReference; lastKnownFileType = sourcecode.swift; path = NewsLandingHero.swift; sourceTree = "<group>"; };
		490B05FF277BC0F400A761F7 /* NewsWebView.swift */ = {isa = PBXFileReference; lastKnownFileType = sourcecode.swift; path = NewsWebView.swift; sourceTree = "<group>"; };
		490B0601277BC3B000A761F7 /* WebView.swift */ = {isa = PBXFileReference; lastKnownFileType = sourcecode.swift; path = WebView.swift; sourceTree = "<group>"; };
		490B0604277BD9ED00A761F7 /* DiscoverLandingScreen.swift */ = {isa = PBXFileReference; lastKnownFileType = sourcecode.swift; path = DiscoverLandingScreen.swift; sourceTree = "<group>"; };
		490B0606277BF39C00A761F7 /* DiscoverCell.swift */ = {isa = PBXFileReference; lastKnownFileType = sourcecode.swift; path = DiscoverCell.swift; sourceTree = "<group>"; };
		490B0608277BF83000A761F7 /* DFollowingLandingScreen.swift */ = {isa = PBXFileReference; lastKnownFileType = sourcecode.swift; path = DFollowingLandingScreen.swift; sourceTree = "<group>"; };
		490B060B277C03EA00A761F7 /* SourcesProfilePageViewModel.swift */ = {isa = PBXFileReference; lastKnownFileType = sourcecode.swift; path = SourcesProfilePageViewModel.swift; sourceTree = "<group>"; };
		490B060D277CCB4A00A761F7 /* DiscoverSourcesCell.swift */ = {isa = PBXFileReference; lastKnownFileType = sourcecode.swift; path = DiscoverSourcesCell.swift; sourceTree = "<group>"; };
		490B0612277D03FE00A761F7 /* SourceProfilePage.swift */ = {isa = PBXFileReference; lastKnownFileType = sourcecode.swift; path = SourceProfilePage.swift; sourceTree = "<group>"; };
		490B0614277D766700A761F7 /* DiscoverCategoriesLanding.swift */ = {isa = PBXFileReference; lastKnownFileType = sourcecode.swift; path = DiscoverCategoriesLanding.swift; sourceTree = "<group>"; };
		490B0616277D7E1100A761F7 /* CategoryNewsPage.swift */ = {isa = PBXFileReference; lastKnownFileType = sourcecode.swift; path = CategoryNewsPage.swift; sourceTree = "<group>"; };
		490B0618277D840000A761F7 /* CategoryNewsPageViewModel.swift */ = {isa = PBXFileReference; lastKnownFileType = sourcecode.swift; path = CategoryNewsPageViewModel.swift; sourceTree = "<group>"; };
		490B061A277D8AC800A761F7 /* CountryNewsPage.swift */ = {isa = PBXFileReference; lastKnownFileType = sourcecode.swift; path = CountryNewsPage.swift; sourceTree = "<group>"; };
		490B061C277D8D9100A761F7 /* NewsListViewModel.swift */ = {isa = PBXFileReference; lastKnownFileType = sourcecode.swift; path = NewsListViewModel.swift; sourceTree = "<group>"; };
		490B061E277E2E6200A761F7 /* CountryNewsViewModel.swift */ = {isa = PBXFileReference; lastKnownFileType = sourcecode.swift; path = CountryNewsViewModel.swift; sourceTree = "<group>"; };
		490B0620277E463D00A761F7 /* NewsListItems.swift */ = {isa = PBXFileReference; lastKnownFileType = sourcecode.swift; path = NewsListItems.swift; sourceTree = "<group>"; };
		490B0622277E61F700A761F7 /* SearchPageViewModel.swift */ = {isa = PBXFileReference; lastKnownFileType = sourcecode.swift; path = SearchPageViewModel.swift; sourceTree = "<group>"; };
		490B0624277E631400A761F7 /* SearchPageLanding.swift */ = {isa = PBXFileReference; lastKnownFileType = sourcecode.swift; path = SearchPageLanding.swift; sourceTree = "<group>"; };
		493C16392782BDE800887505 /* Dates.swift */ = {isa = PBXFileReference; lastKnownFileType = sourcecode.swift; path = Dates.swift; sourceTree = "<group>"; };
		494151E9278AB79F00311960 /* EditBioScreen.swift */ = {isa = PBXFileReference; lastKnownFileType = sourcecode.swift; path = EditBioScreen.swift; sourceTree = "<group>"; };
		494151EB278ABC4100311960 /* AppDataModel.swift */ = {isa = PBXFileReference; lastKnownFileType = sourcecode.swift; path = AppDataModel.swift; sourceTree = "<group>"; };
		494151ED278ABC5D00311960 /* Extensions.swift */ = {isa = PBXFileReference; lastKnownFileType = sourcecode.swift; path = Extensions.swift; sourceTree = "<group>"; };
		494151EF278ABCD300311960 /* ErrorModel.swift */ = {isa = PBXFileReference; lastKnownFileType = sourcecode.swift; path = ErrorModel.swift; sourceTree = "<group>"; };
		494151F1278ABD3700311960 /* ProfileSourcesScreen.swift */ = {isa = PBXFileReference; lastKnownFileType = sourcecode.swift; path = ProfileSourcesScreen.swift; sourceTree = "<group>"; };
		494151F3278ABDCB00311960 /* Following.swift */ = {isa = PBXFileReference; lastKnownFileType = sourcecode.swift; path = Following.swift; sourceTree = "<group>"; };
		494151F5278ABDFD00311960 /* NewsCompletion.swift */ = {isa = PBXFileReference; lastKnownFileType = sourcecode.swift; path = NewsCompletion.swift; sourceTree = "<group>"; };
		495F85A02783A3E000DD4C02 /* TopicsListingPage.swift */ = {isa = PBXFileReference; lastKnownFileType = sourcecode.swift; path = TopicsListingPage.swift; sourceTree = "<group>"; };
/* End PBXFileReference section */

/* Begin PBXFrameworksBuildPhase section */
		490B052F2775718A00A761F7 /* Frameworks */ = {
			isa = PBXFrameworksBuildPhase;
			buildActionMask = 2147483647;
			files = (
				490B05CE2777BECB00A761F7 /* SDWebImageSwiftUI in Frameworks */,
				490B05F7277AA5EB00A761F7 /* Alamofire in Frameworks */,
			);
			runOnlyForDeploymentPostprocessing = 0;
		};
		490B053F2775718C00A761F7 /* Frameworks */ = {
			isa = PBXFrameworksBuildPhase;
			buildActionMask = 2147483647;
			files = (
			);
			runOnlyForDeploymentPostprocessing = 0;
		};
		490B05492775718D00A761F7 /* Frameworks */ = {
			isa = PBXFrameworksBuildPhase;
			buildActionMask = 2147483647;
			files = (
			);
			runOnlyForDeploymentPostprocessing = 0;
		};
/* End PBXFrameworksBuildPhase section */

/* Begin PBXGroup section */
		4903658A2787E125007E8F7A /* Bookmarks */ = {
			isa = PBXGroup;
			children = (
				4903658B2787E13D007E8F7A /* BookmarksLandingScreen.swift */,
			);
			path = Bookmarks;
			sourceTree = "<group>";
		};
		4903658F27893EFA007E8F7A /* Profile */ = {
			isa = PBXGroup;
			children = (
				4903659027893F08007E8F7A /* ProfileLanding.swift */,
				49036592278955D9007E8F7A /* ProfileCountrySetup.swift */,
				490365942789560A007E8F7A /* ProfileSettingsCell.swift */,
				49036596278964A7007E8F7A /* NewsSortingConfigMenu.swift */,
				4903659B27896EBE007E8F7A /* ProfileCategoriesList.swift */,
				494151E9278AB79F00311960 /* EditBioScreen.swift */,
				494151F1278ABD3700311960 /* ProfileSourcesScreen.swift */,
			);
			path = Profile;
			sourceTree = "<group>";
		};
		4903659A2789680B007E8F7A /* Country */ = {
			isa = PBXGroup;
			children = (
				490B05E32779643400A761F7 /* CountryCell.swift */,
				490B05E1277963D000A761F7 /* CountryList.swift */,
				490B05B527765DBC00A761F7 /* CountrySetupScreen.swift */,
			);
			path = Country;
			sourceTree = "<group>";
		};
		490B05292775718A00A761F7 = {
			isa = PBXGroup;
			children = (
				490B05342775718A00A761F7 /* NewsAPI */,
				490B05452775718C00A761F7 /* NewsAPITests */,
				490B054F2775718D00A761F7 /* NewsAPIUITests */,
				490B05332775718A00A761F7 /* Products */,
			);
			sourceTree = "<group>";
		};
		490B05332775718A00A761F7 /* Products */ = {
			isa = PBXGroup;
			children = (
				490B05322775718A00A761F7 /* NewsAPI.app */,
				490B05422775718C00A761F7 /* NewsAPITests.xctest */,
				490B054C2775718D00A761F7 /* NewsAPIUITests.xctest */,
			);
			name = Products;
			sourceTree = "<group>";
		};
		490B05342775718A00A761F7 /* NewsAPI */ = {
			isa = PBXGroup;
			children = (
				490B05862775802E00A761F7 /* Info.plist */,
				490B055F277571E200A761F7 /* Design */,
				490B0560277571EA00A761F7 /* Components */,
				490B05642775720600A761F7 /* Utilities */,
				490B0561277571F100A761F7 /* Model */,
				490B0562277571F700A761F7 /* Views */,
				490B0563277571FE00A761F7 /* ViewModel */,
				490B05352775718A00A761F7 /* NewsAPIApp.swift */,
				490B05372775718A00A761F7 /* ContentView.swift */,
				490B05392775718C00A761F7 /* Assets.xcassets */,
				490B053B2775718C00A761F7 /* Preview Content */,
				490B05C62777B8FB00A761F7 /* sources.json */,
				490B05B327765BE500A761F7 /* countries.json */,
			);
			path = NewsAPI;
			sourceTree = "<group>";
		};
		490B053B2775718C00A761F7 /* Preview Content */ = {
			isa = PBXGroup;
			children = (
				490B053C2775718C00A761F7 /* Preview Assets.xcassets */,
			);
			path = "Preview Content";
			sourceTree = "<group>";
		};
		490B05452775718C00A761F7 /* NewsAPITests */ = {
			isa = PBXGroup;
			children = (
				490B05462775718C00A761F7 /* NewsAPITests.swift */,
			);
			path = NewsAPITests;
			sourceTree = "<group>";
		};
		490B054F2775718D00A761F7 /* NewsAPIUITests */ = {
			isa = PBXGroup;
			children = (
				490B05502775718D00A761F7 /* NewsAPIUITests.swift */,
				490B05522775718D00A761F7 /* NewsAPIUITestsLaunchTests.swift */,
			);
			path = NewsAPIUITests;
			sourceTree = "<group>";
		};
		490B055F277571E200A761F7 /* Design */ = {
			isa = PBXGroup;
			children = (
				490B057127757E5D00A761F7 /* Fonts */,
				490B0565277575D400A761F7 /* Colors.swift */,
				490B05672775773800A761F7 /* Assets.swift */,
				490B058F27759E9100A761F7 /* Icons.swift */,
				490B05C02776DDDE00A761F7 /* Gradients.swift */,
				490B05C22776E9C400A761F7 /* BlurView.swift */,
				490B05D32778205100A761F7 /* Animations.swift */,
			);
			path = Design;
			sourceTree = "<group>";
		};
		490B0560277571EA00A761F7 /* Components */ = {
			isa = PBXGroup;
			children = (
				490B058A277596D400A761F7 /* Buttons.swift */,
				490B05932775A6A800A761F7 /* NavigationHeader.swift */,
				490B05952775ACC200A761F7 /* TextFields.swift */,
				490B05D12778117300A761F7 /* ImagePicker.swift */,
				490B05E7277985BB00A761F7 /* CustomTab.swift */,
				490B0601277BC3B000A761F7 /* WebView.swift */,
				490B0620277E463D00A761F7 /* NewsListItems.swift */,
			);
			path = Components;
			sourceTree = "<group>";
		};
		490B0561277571F100A761F7 /* Model */ = {
			isa = PBXGroup;
			children = (
				490B05D5277829A000A761F7 /* Utilities */,
				490B05B0277651B700A761F7 /* AppData */,
				490B05EF277A7EE600A761F7 /* News.swift */,
				490B05F1277A854700A761F7 /* Bookmark.swift */,
				494151EF278ABCD300311960 /* ErrorModel.swift */,
				494151F3278ABDCB00311960 /* Following.swift */,
				494151F5278ABDFD00311960 /* NewsCompletion.swift */,
			);
			path = Model;
			sourceTree = "<group>";
		};
		490B0562277571F700A761F7 /* Views */ = {
			isa = PBXGroup;
			children = (
				4903658F27893EFA007E8F7A /* Profile */,
				4903658A2787E125007E8F7A /* Bookmarks */,
				490B0611277D03E700A761F7 /* Global */,
				490B0603277BD9D800A761F7 /* Discover */,
				490B05EC277A721600A761F7 /* News */,
				490B05E92779906300A761F7 /* BaseViews */,
				490B05AE277647F900A761F7 /* SetupAccount */,
				490B0569277577B000A761F7 /* IntroScreens */,
				490B058C2775983400A761F7 /* Login */,
				490B05A8277640F200A761F7 /* ForgotPassword */,
			);
			path = Views;
			sourceTree = "<group>";
		};
		490B0563277571FE00A761F7 /* ViewModel */ = {
			isa = PBXGroup;
			children = (
				490B060A277C03D100A761F7 /* Discover */,
				490B05F8277AE11800A761F7 /* News */,
				490B05B72776B7D900A761F7 /* Profile */,
				490B05872775861C00A761F7 /* IntroScreens */,
				490B05972775B36E00A761F7 /* Login */,
				490B05AD2776419400A761F7 /* ForgotPassword */,
				4903658D2787EB14007E8F7A /* BookmarkViewModel.swift */,
			);
			path = ViewModel;
			sourceTree = "<group>";
		};
		490B05642775720600A761F7 /* Utilities */ = {
			isa = PBXGroup;
			children = (
				490B056D2775790F00A761F7 /* Constants.swift */,
				490B05F3277AA56C00A761F7 /* APIUtility.swift */,
				493C16392782BDE800887505 /* Dates.swift */,
				49036598278964E7007E8F7A /* Enums.swift */,
				494151ED278ABC5D00311960 /* Extensions.swift */,
			);
			path = Utilities;
			sourceTree = "<group>";
		};
		490B0569277577B000A761F7 /* IntroScreens */ = {
			isa = PBXGroup;
			children = (
				490B056B277577E000A761F7 /* SplashScreen.swift */,
				490B056F27757AB300A761F7 /* ProductTourScreen.swift */,
			);
			path = IntroScreens;
			sourceTree = "<group>";
		};
		490B057127757E5D00A761F7 /* Fonts */ = {
			isa = PBXGroup;
			children = (
				490B057827757E9500A761F7 /* Montserrat-Black.ttf */,
				490B057A27757E9500A761F7 /* Montserrat-Bold.ttf */,
				490B057227757E9500A761F7 /* Montserrat-ExtraBold.ttf */,
				490B057627757E9500A761F7 /* Montserrat-ExtraLight.ttf */,
				490B057527757E9500A761F7 /* Montserrat-Light.ttf */,
				490B057327757E9500A761F7 /* Montserrat-Medium.ttf */,
				490B057727757E9500A761F7 /* Montserrat-Regular.ttf */,
				490B057927757E9500A761F7 /* Montserrat-SemiBold.ttf */,
				490B057427757E9500A761F7 /* Montserrat-Thin.ttf */,
				490B058427757EA800A761F7 /* Fonts.swift */,
			);
			path = Fonts;
			sourceTree = "<group>";
		};
		490B05872775861C00A761F7 /* IntroScreens */ = {
			isa = PBXGroup;
			children = (
				490B05882775863000A761F7 /* ProductTourViewModel.swift */,
			);
			path = IntroScreens;
			sourceTree = "<group>";
		};
		490B058C2775983400A761F7 /* Login */ = {
			isa = PBXGroup;
			children = (
				490B058D2775987700A761F7 /* LoginOptionScreen.swift */,
				490B05912775A65000A761F7 /* LoginScreen.swift */,
				490B059A2775B78E00A761F7 /* SignInStack.swift */,
				490B059E2776311A00A761F7 /* SignUpStack.swift */,
				490B05E527797F8A00A761F7 /* GuestOverlayScreen.swift */,
			);
			path = Login;
			sourceTree = "<group>";
		};
		490B05972775B36E00A761F7 /* Login */ = {
			isa = PBXGroup;
			children = (
				490B05982775B38700A761F7 /* SignInViewModel.swift */,
				490B059C27762D8C00A761F7 /* SignUpViewModel.swift */,
			);
			path = Login;
			sourceTree = "<group>";
		};
		490B05A8277640F200A761F7 /* ForgotPassword */ = {
			isa = PBXGroup;
			children = (
				490B05A02776321800A761F7 /* ForgotPasswordScreen.swift */,
				490B05A42776380200A761F7 /* CodeVerificationScreen.swift */,
				490B05A92776411E00A761F7 /* VerificationStack.swift */,
				490B05AB2776415200A761F7 /* UpdatePasswordStack.swift */,
			);
			path = ForgotPassword;
			sourceTree = "<group>";
		};
		490B05AD2776419400A761F7 /* ForgotPassword */ = {
			isa = PBXGroup;
			children = (
				490B05A22776348800A761F7 /* ForgotPasswordViewModel.swift */,
				490B05A627763BED00A761F7 /* ResetPasswordViewModel.swift */,
			);
			path = ForgotPassword;
			sourceTree = "<group>";
		};
		490B05AE277647F900A761F7 /* SetupAccount */ = {
			isa = PBXGroup;
			children = (
				4903659A2789680B007E8F7A /* Country */,
				490B05DA2778426800A761F7 /* Categories */,
				490B05DD277842AC00A761F7 /* Sources */,
				490B05E02778430B00A761F7 /* Profile */,
			);
			path = SetupAccount;
			sourceTree = "<group>";
		};
		490B05B0277651B700A761F7 /* AppData */ = {
			isa = PBXGroup;
			children = (
				490B05B1277651C700A761F7 /* Countries.swift */,
				490B05BE2776D45A00A761F7 /* Category.swift */,
				490B05C82777B95B00A761F7 /* Sources.swift */,
				494151EB278ABC4100311960 /* AppDataModel.swift */,
			);
			path = AppData;
			sourceTree = "<group>";
		};
		490B05B72776B7D900A761F7 /* Profile */ = {
			isa = PBXGroup;
			children = (
				490B05B82776B7FA00A761F7 /* AccountSetupViewModel.swift */,
			);
			path = Profile;
			sourceTree = "<group>";
		};
		490B05D5277829A000A761F7 /* Utilities */ = {
			isa = PBXGroup;
			children = (
				490B05D6277829B700A761F7 /* UserProfile.swift */,
			);
			path = Utilities;
			sourceTree = "<group>";
		};
		490B05DA2778426800A761F7 /* Categories */ = {
			isa = PBXGroup;
			children = (
				490B05C42776ED1500A761F7 /* CategoryCell.swift */,
				490B05DB2778429000A761F7 /* CategoriesList.swift */,
				490B05BC2776CEAE00A761F7 /* CategoriesSetupScreen.swift */,
			);
			path = Categories;
			sourceTree = "<group>";
		};
		490B05DD277842AC00A761F7 /* Sources */ = {
			isa = PBXGroup;
			children = (
				490B05CA2777BBD100A761F7 /* SourcesCell.swift */,
				490B05DE277842EE00A761F7 /* SourcesList.swift */,
				490B05BA2776CCF300A761F7 /* SourcesSetupScreen.swift */,
			);
			path = Sources;
			sourceTree = "<group>";
		};
		490B05E02778430B00A761F7 /* Profile */ = {
			isa = PBXGroup;
			children = (
				490B05CF2777D21600A761F7 /* ProfileSetupScreen.swift */,
				490B05D827782C9600A761F7 /* SetupCompleteScreen.swift */,
			);
			path = Profile;
			sourceTree = "<group>";
		};
		490B05E92779906300A761F7 /* BaseViews */ = {
			isa = PBXGroup;
			children = (
				490B05EA277990A200A761F7 /* RootView.swift */,
			);
			path = BaseViews;
			sourceTree = "<group>";
		};
		490B05EC277A721600A761F7 /* News */ = {
			isa = PBXGroup;
			children = (
				490B05FB277B8B9D00A761F7 /* NewsCell.swift */,
				490B05FD277B8C3400A761F7 /* NewsLandingHero.swift */,
				490B05ED277A747D00A761F7 /* NewsLandingScreen.swift */,
				490B05FF277BC0F400A761F7 /* NewsWebView.swift */,
			);
			path = News;
			sourceTree = "<group>";
		};
		490B05F8277AE11800A761F7 /* News */ = {
			isa = PBXGroup;
			children = (
				490B05F9277AE12B00A761F7 /* NewsLandingViewModel.swift */,
				490B061C277D8D9100A761F7 /* NewsListViewModel.swift */,
			);
			path = News;
			sourceTree = "<group>";
		};
		490B0603277BD9D800A761F7 /* Discover */ = {
			isa = PBXGroup;
			children = (
				490B0604277BD9ED00A761F7 /* DiscoverLandingScreen.swift */,
				490B0606277BF39C00A761F7 /* DiscoverCell.swift */,
				490B0608277BF83000A761F7 /* DFollowingLandingScreen.swift */,
				490B060D277CCB4A00A761F7 /* DiscoverSourcesCell.swift */,
				490B0614277D766700A761F7 /* DiscoverCategoriesLanding.swift */,
				495F85A02783A3E000DD4C02 /* TopicsListingPage.swift */,
				490365862787CEB8007E8F7A /* TopicDetailsScreen.swift */,
			);
			path = Discover;
			sourceTree = "<group>";
		};
		490B060A277C03D100A761F7 /* Discover */ = {
			isa = PBXGroup;
			children = (
				490B060B277C03EA00A761F7 /* SourcesProfilePageViewModel.swift */,
				490B0618277D840000A761F7 /* CategoryNewsPageViewModel.swift */,
				490B061E277E2E6200A761F7 /* CountryNewsViewModel.swift */,
				490B0622277E61F700A761F7 /* SearchPageViewModel.swift */,
				490365882787CF90007E8F7A /* TopicsViewModel.swift */,
			);
			path = Discover;
			sourceTree = "<group>";
		};
		490B0611277D03E700A761F7 /* Global */ = {
			isa = PBXGroup;
			children = (
				490B0612277D03FE00A761F7 /* SourceProfilePage.swift */,
				490B0616277D7E1100A761F7 /* CategoryNewsPage.swift */,
				490B061A277D8AC800A761F7 /* CountryNewsPage.swift */,
				490B0624277E631400A761F7 /* SearchPageLanding.swift */,
			);
			path = Global;
			sourceTree = "<group>";
		};
/* End PBXGroup section */

/* Begin PBXNativeTarget section */
		490B05312775718A00A761F7 /* NewsAPI */ = {
			isa = PBXNativeTarget;
			buildConfigurationList = 490B05562775718D00A761F7 /* Build configuration list for PBXNativeTarget "NewsAPI" */;
			buildPhases = (
				490B052E2775718A00A761F7 /* Sources */,
				490B052F2775718A00A761F7 /* Frameworks */,
				490B05302775718A00A761F7 /* Resources */,
			);
			buildRules = (
			);
			dependencies = (
			);
			name = NewsAPI;
			packageProductDependencies = (
				490B05CD2777BECB00A761F7 /* SDWebImageSwiftUI */,
				490B05F6277AA5EB00A761F7 /* Alamofire */,
			);
			productName = NewsAPI;
			productReference = 490B05322775718A00A761F7 /* NewsAPI.app */;
			productType = "com.apple.product-type.application";
		};
		490B05412775718C00A761F7 /* NewsAPITests */ = {
			isa = PBXNativeTarget;
			buildConfigurationList = 490B05592775718D00A761F7 /* Build configuration list for PBXNativeTarget "NewsAPITests" */;
			buildPhases = (
				490B053E2775718C00A761F7 /* Sources */,
				490B053F2775718C00A761F7 /* Frameworks */,
				490B05402775718C00A761F7 /* Resources */,
			);
			buildRules = (
			);
			dependencies = (
				490B05442775718C00A761F7 /* PBXTargetDependency */,
			);
			name = NewsAPITests;
			productName = NewsAPITests;
			productReference = 490B05422775718C00A761F7 /* NewsAPITests.xctest */;
			productType = "com.apple.product-type.bundle.unit-test";
		};
		490B054B2775718D00A761F7 /* NewsAPIUITests */ = {
			isa = PBXNativeTarget;
			buildConfigurationList = 490B055C2775718D00A761F7 /* Build configuration list for PBXNativeTarget "NewsAPIUITests" */;
			buildPhases = (
				490B05482775718D00A761F7 /* Sources */,
				490B05492775718D00A761F7 /* Frameworks */,
				490B054A2775718D00A761F7 /* Resources */,
			);
			buildRules = (
			);
			dependencies = (
				490B054E2775718D00A761F7 /* PBXTargetDependency */,
			);
			name = NewsAPIUITests;
			productName = NewsAPIUITests;
			productReference = 490B054C2775718D00A761F7 /* NewsAPIUITests.xctest */;
			productType = "com.apple.product-type.bundle.ui-testing";
		};
/* End PBXNativeTarget section */

/* Begin PBXProject section */
		490B052A2775718A00A761F7 /* Project object */ = {
			isa = PBXProject;
			attributes = {
				BuildIndependentTargetsInParallel = 1;
				LastSwiftUpdateCheck = 1320;
				LastUpgradeCheck = 1320;
				TargetAttributes = {
					490B05312775718A00A761F7 = {
						CreatedOnToolsVersion = 13.2.1;
					};
					490B05412775718C00A761F7 = {
						CreatedOnToolsVersion = 13.2.1;
						TestTargetID = 490B05312775718A00A761F7;
					};
					490B054B2775718D00A761F7 = {
						CreatedOnToolsVersion = 13.2.1;
						TestTargetID = 490B05312775718A00A761F7;
					};
				};
			};
			buildConfigurationList = 490B052D2775718A00A761F7 /* Build configuration list for PBXProject "NewsAPI" */;
			compatibilityVersion = "Xcode 13.0";
			developmentRegion = en;
			hasScannedForEncodings = 0;
			knownRegions = (
				en,
				Base,
			);
			mainGroup = 490B05292775718A00A761F7;
			packageReferences = (
				490B05CC2777BECB00A761F7 /* XCRemoteSwiftPackageReference "SDWebImageSwiftUI" */,
				490B05F5277AA5EB00A761F7 /* XCRemoteSwiftPackageReference "Alamofire" */,
			);
			productRefGroup = 490B05332775718A00A761F7 /* Products */;
			projectDirPath = "";
			projectRoot = "";
			targets = (
				490B05312775718A00A761F7 /* NewsAPI */,
				490B05412775718C00A761F7 /* NewsAPITests */,
				490B054B2775718D00A761F7 /* NewsAPIUITests */,
			);
		};
/* End PBXProject section */

/* Begin PBXResourcesBuildPhase section */
		490B05302775718A00A761F7 /* Resources */ = {
			isa = PBXResourcesBuildPhase;
			buildActionMask = 2147483647;
			files = (
				490B058027757E9500A761F7 /* Montserrat-Regular.ttf in Resources */,
				490B057E27757E9500A761F7 /* Montserrat-Light.ttf in Resources */,
				490B057D27757E9500A761F7 /* Montserrat-Thin.ttf in Resources */,
				490B053D2775718C00A761F7 /* Preview Assets.xcassets in Resources */,
				490B058227757E9500A761F7 /* Montserrat-SemiBold.ttf in Resources */,
				490B057F27757E9500A761F7 /* Montserrat-ExtraLight.ttf in Resources */,
				490B05C72777B8FB00A761F7 /* sources.json in Resources */,
				490B05B427765BE500A761F7 /* countries.json in Resources */,
				490B057B27757E9500A761F7 /* Montserrat-ExtraBold.ttf in Resources */,
				490B057C27757E9500A761F7 /* Montserrat-Medium.ttf in Resources */,
				490B053A2775718C00A761F7 /* Assets.xcassets in Resources */,
				490B058327757E9500A761F7 /* Montserrat-Bold.ttf in Resources */,
				490B058127757E9500A761F7 /* Montserrat-Black.ttf in Resources */,
			);
			runOnlyForDeploymentPostprocessing = 0;
		};
		490B05402775718C00A761F7 /* Resources */ = {
			isa = PBXResourcesBuildPhase;
			buildActionMask = 2147483647;
			files = (
			);
			runOnlyForDeploymentPostprocessing = 0;
		};
		490B054A2775718D00A761F7 /* Resources */ = {
			isa = PBXResourcesBuildPhase;
			buildActionMask = 2147483647;
			files = (
			);
			runOnlyForDeploymentPostprocessing = 0;
		};
/* End PBXResourcesBuildPhase section */

/* Begin PBXSourcesBuildPhase section */
		490B052E2775718A00A761F7 /* Sources */ = {
			isa = PBXSourcesBuildPhase;
			buildActionMask = 2147483647;
			files = (
				494151EC278ABC4100311960 /* AppDataModel.swift in Sources */,
				490B061F277E2E6200A761F7 /* CountryNewsViewModel.swift in Sources */,
				490B05E2277963D000A761F7 /* CountryList.swift in Sources */,
				490B05922775A65000A761F7 /* LoginScreen.swift in Sources */,
				490B05C92777B95B00A761F7 /* Sources.swift in Sources */,
				490B05A12776321800A761F7 /* ForgotPasswordScreen.swift in Sources */,
				490B05DC2778429000A761F7 /* CategoriesList.swift in Sources */,
				490B061D277D8D9100A761F7 /* NewsListViewModel.swift in Sources */,
				4903659C27896EBE007E8F7A /* ProfileCategoriesList.swift in Sources */,
				490B05F2277A854700A761F7 /* Bookmark.swift in Sources */,
				49036597278964A7007E8F7A /* NewsSortingConfigMenu.swift in Sources */,
				490B05EE277A747D00A761F7 /* NewsLandingScreen.swift in Sources */,
				490B058527757EA800A761F7 /* Fonts.swift in Sources */,
				490B05CB2777BBD200A761F7 /* SourcesCell.swift in Sources */,
				490B05DF277842EE00A761F7 /* SourcesList.swift in Sources */,
				490B05EB277990A200A761F7 /* RootView.swift in Sources */,
				490B05BF2776D45A00A761F7 /* Category.swift in Sources */,
				490B05AA2776411E00A761F7 /* VerificationStack.swift in Sources */,
				490B05D22778117300A761F7 /* ImagePicker.swift in Sources */,
				490B05D927782C9600A761F7 /* SetupCompleteScreen.swift in Sources */,
				490B05A32776348800A761F7 /* ForgotPasswordViewModel.swift in Sources */,
				490B056C277577E000A761F7 /* SplashScreen.swift in Sources */,
				490B0623277E61F700A761F7 /* SearchPageViewModel.swift in Sources */,
				490B05E8277985BB00A761F7 /* CustomTab.swift in Sources */,
				490B05B2277651C800A761F7 /* Countries.swift in Sources */,
				490B05F0277A7EE600A761F7 /* News.swift in Sources */,
				490B059027759E9100A761F7 /* Icons.swift in Sources */,
				490B05D7277829B700A761F7 /* UserProfile.swift in Sources */,
				490B05E42779643400A761F7 /* CountryCell.swift in Sources */,
				490B0625277E631400A761F7 /* SearchPageLanding.swift in Sources */,
				4903658C2787E13D007E8F7A /* BookmarksLandingScreen.swift in Sources */,
				495F85A12783A3E000DD4C02 /* TopicsListingPage.swift in Sources */,
				490B059D27762D8C00A761F7 /* SignUpViewModel.swift in Sources */,
				490B05FA277AE12B00A761F7 /* NewsLandingViewModel.swift in Sources */,
				490B05992775B38700A761F7 /* SignInViewModel.swift in Sources */,
				49036593278955D9007E8F7A /* ProfileCountrySetup.swift in Sources */,
				490B0609277BF83000A761F7 /* DFollowingLandingScreen.swift in Sources */,
				494151F4278ABDCB00311960 /* Following.swift in Sources */,
				490B0600277BC0F500A761F7 /* NewsWebView.swift in Sources */,
				490B05C12776DDDE00A761F7 /* Gradients.swift in Sources */,
				494151EA278AB79F00311960 /* EditBioScreen.swift in Sources */,
				490B0621277E463D00A761F7 /* NewsListItems.swift in Sources */,
				490B060E277CCB4A00A761F7 /* DiscoverSourcesCell.swift in Sources */,
				490B05A727763BED00A761F7 /* ResetPasswordViewModel.swift in Sources */,
				490B05FC277B8B9D00A761F7 /* NewsCell.swift in Sources */,
				490B05BD2776CEAE00A761F7 /* CategoriesSetupScreen.swift in Sources */,
				490B05E627797F8A00A761F7 /* GuestOverlayScreen.swift in Sources */,
				490B0619277D840000A761F7 /* CategoryNewsPageViewModel.swift in Sources */,
				490B05BB2776CCF400A761F7 /* SourcesSetupScreen.swift in Sources */,
				494151F2278ABD3700311960 /* ProfileSourcesScreen.swift in Sources */,
				490B05892775863000A761F7 /* ProductTourViewModel.swift in Sources */,
				49036599278964E7007E8F7A /* Enums.swift in Sources */,
				494151F6278ABDFD00311960 /* NewsCompletion.swift in Sources */,
				490B05B92776B7FB00A761F7 /* AccountSetupViewModel.swift in Sources */,
				4903658E2787EB14007E8F7A /* BookmarkViewModel.swift in Sources */,
				490B05D42778205100A761F7 /* Animations.swift in Sources */,
				490B05C52776ED1500A761F7 /* CategoryCell.swift in Sources */,
				490B05962775ACC200A761F7 /* TextFields.swift in Sources */,
				490B05D02777D21600A761F7 /* ProfileSetupScreen.swift in Sources */,
				490B05382775718A00A761F7 /* ContentView.swift in Sources */,
				490365952789560A007E8F7A /* ProfileSettingsCell.swift in Sources */,
				490B0566277575D400A761F7 /* Colors.swift in Sources */,
				493C163A2782BDE800887505 /* Dates.swift in Sources */,
				490B05B627765DBC00A761F7 /* CountrySetupScreen.swift in Sources */,
				490B059B2775B78E00A761F7 /* SignInStack.swift in Sources */,
				490B058B277596D400A761F7 /* Buttons.swift in Sources */,
				490B057027757AB300A761F7 /* ProductTourScreen.swift in Sources */,
				490B0615277D766700A761F7 /* DiscoverCategoriesLanding.swift in Sources */,
				490B060C277C03EB00A761F7 /* SourcesProfilePageViewModel.swift in Sources */,
				490B061B277D8AC800A761F7 /* CountryNewsPage.swift in Sources */,
				490B05FE277B8C3400A761F7 /* NewsLandingHero.swift in Sources */,
				4903659127893F09007E8F7A /* ProfileLanding.swift in Sources */,
				490B0613277D03FE00A761F7 /* SourceProfilePage.swift in Sources */,
				494151F0278ABCD300311960 /* ErrorModel.swift in Sources */,
				490365892787CF90007E8F7A /* TopicsViewModel.swift in Sources */,
				490365872787CEB8007E8F7A /* TopicDetailsScreen.swift in Sources */,
				490B0607277BF39C00A761F7 /* DiscoverCell.swift in Sources */,
				490B0605277BD9ED00A761F7 /* DiscoverLandingScreen.swift in Sources */,
				490B05A52776380200A761F7 /* CodeVerificationScreen.swift in Sources */,
				494151EE278ABC5D00311960 /* Extensions.swift in Sources */,
				490B058E2775987700A761F7 /* LoginOptionScreen.swift in Sources */,
				490B05C32776E9C400A761F7 /* BlurView.swift in Sources */,
				490B05942775A6A800A761F7 /* NavigationHeader.swift in Sources */,
				490B05682775773800A761F7 /* Assets.swift in Sources */,
				490B0602277BC3B000A761F7 /* WebView.swift in Sources */,
				490B05362775718A00A761F7 /* NewsAPIApp.swift in Sources */,
				490B056E2775790F00A761F7 /* Constants.swift in Sources */,
				490B05F4277AA56C00A761F7 /* APIUtility.swift in Sources */,
				490B059F2776311A00A761F7 /* SignUpStack.swift in Sources */,
				490B05AC2776415200A761F7 /* UpdatePasswordStack.swift in Sources */,
				490B0617277D7E1100A761F7 /* CategoryNewsPage.swift in Sources */,
			);
			runOnlyForDeploymentPostprocessing = 0;
		};
		490B053E2775718C00A761F7 /* Sources */ = {
			isa = PBXSourcesBuildPhase;
			buildActionMask = 2147483647;
			files = (
				490B05472775718C00A761F7 /* NewsAPITests.swift in Sources */,
			);
			runOnlyForDeploymentPostprocessing = 0;
		};
		490B05482775718D00A761F7 /* Sources */ = {
			isa = PBXSourcesBuildPhase;
			buildActionMask = 2147483647;
			files = (
				490B05532775718D00A761F7 /* NewsAPIUITestsLaunchTests.swift in Sources */,
				490B05512775718D00A761F7 /* NewsAPIUITests.swift in Sources */,
			);
			runOnlyForDeploymentPostprocessing = 0;
		};
/* End PBXSourcesBuildPhase section */

/* Begin PBXTargetDependency section */
		490B05442775718C00A761F7 /* PBXTargetDependency */ = {
			isa = PBXTargetDependency;
			target = 490B05312775718A00A761F7 /* NewsAPI */;
			targetProxy = 490B05432775718C00A761F7 /* PBXContainerItemProxy */;
		};
		490B054E2775718D00A761F7 /* PBXTargetDependency */ = {
			isa = PBXTargetDependency;
			target = 490B05312775718A00A761F7 /* NewsAPI */;
			targetProxy = 490B054D2775718D00A761F7 /* PBXContainerItemProxy */;
		};
/* End PBXTargetDependency section */

/* Begin XCBuildConfiguration section */
		490B05542775718D00A761F7 /* Debug */ = {
			isa = XCBuildConfiguration;
			buildSettings = {
				ALWAYS_SEARCH_USER_PATHS = NO;
				CLANG_ANALYZER_NONNULL = YES;
				CLANG_ANALYZER_NUMBER_OBJECT_CONVERSION = YES_AGGRESSIVE;
				CLANG_CXX_LANGUAGE_STANDARD = "gnu++17";
				CLANG_CXX_LIBRARY = "libc++";
				CLANG_ENABLE_MODULES = YES;
				CLANG_ENABLE_OBJC_ARC = YES;
				CLANG_ENABLE_OBJC_WEAK = YES;
				CLANG_WARN_BLOCK_CAPTURE_AUTORELEASING = YES;
				CLANG_WARN_BOOL_CONVERSION = YES;
				CLANG_WARN_COMMA = YES;
				CLANG_WARN_CONSTANT_CONVERSION = YES;
				CLANG_WARN_DEPRECATED_OBJC_IMPLEMENTATIONS = YES;
				CLANG_WARN_DIRECT_OBJC_ISA_USAGE = YES_ERROR;
				CLANG_WARN_DOCUMENTATION_COMMENTS = YES;
				CLANG_WARN_EMPTY_BODY = YES;
				CLANG_WARN_ENUM_CONVERSION = YES;
				CLANG_WARN_INFINITE_RECURSION = YES;
				CLANG_WARN_INT_CONVERSION = YES;
				CLANG_WARN_NON_LITERAL_NULL_CONVERSION = YES;
				CLANG_WARN_OBJC_IMPLICIT_RETAIN_SELF = YES;
				CLANG_WARN_OBJC_LITERAL_CONVERSION = YES;
				CLANG_WARN_OBJC_ROOT_CLASS = YES_ERROR;
				CLANG_WARN_QUOTED_INCLUDE_IN_FRAMEWORK_HEADER = YES;
				CLANG_WARN_RANGE_LOOP_ANALYSIS = YES;
				CLANG_WARN_STRICT_PROTOTYPES = YES;
				CLANG_WARN_SUSPICIOUS_MOVE = YES;
				CLANG_WARN_UNGUARDED_AVAILABILITY = YES_AGGRESSIVE;
				CLANG_WARN_UNREACHABLE_CODE = YES;
				CLANG_WARN__DUPLICATE_METHOD_MATCH = YES;
				COPY_PHASE_STRIP = NO;
				DEBUG_INFORMATION_FORMAT = dwarf;
				ENABLE_STRICT_OBJC_MSGSEND = YES;
				ENABLE_TESTABILITY = YES;
				GCC_C_LANGUAGE_STANDARD = gnu11;
				GCC_DYNAMIC_NO_PIC = NO;
				GCC_NO_COMMON_BLOCKS = YES;
				GCC_OPTIMIZATION_LEVEL = 0;
				GCC_PREPROCESSOR_DEFINITIONS = (
					"DEBUG=1",
					"$(inherited)",
				);
				GCC_WARN_64_TO_32_BIT_CONVERSION = YES;
				GCC_WARN_ABOUT_RETURN_TYPE = YES_ERROR;
				GCC_WARN_UNDECLARED_SELECTOR = YES;
				GCC_WARN_UNINITIALIZED_AUTOS = YES_AGGRESSIVE;
				GCC_WARN_UNUSED_FUNCTION = YES;
				GCC_WARN_UNUSED_VARIABLE = YES;
				IPHONEOS_DEPLOYMENT_TARGET = 15.2;
				MTL_ENABLE_DEBUG_INFO = INCLUDE_SOURCE;
				MTL_FAST_MATH = YES;
				ONLY_ACTIVE_ARCH = YES;
				SDKROOT = iphoneos;
				SWIFT_ACTIVE_COMPILATION_CONDITIONS = DEBUG;
				SWIFT_OPTIMIZATION_LEVEL = "-Onone";
			};
			name = Debug;
		};
		490B05552775718D00A761F7 /* Release */ = {
			isa = XCBuildConfiguration;
			buildSettings = {
				ALWAYS_SEARCH_USER_PATHS = NO;
				CLANG_ANALYZER_NONNULL = YES;
				CLANG_ANALYZER_NUMBER_OBJECT_CONVERSION = YES_AGGRESSIVE;
				CLANG_CXX_LANGUAGE_STANDARD = "gnu++17";
				CLANG_CXX_LIBRARY = "libc++";
				CLANG_ENABLE_MODULES = YES;
				CLANG_ENABLE_OBJC_ARC = YES;
				CLANG_ENABLE_OBJC_WEAK = YES;
				CLANG_WARN_BLOCK_CAPTURE_AUTORELEASING = YES;
				CLANG_WARN_BOOL_CONVERSION = YES;
				CLANG_WARN_COMMA = YES;
				CLANG_WARN_CONSTANT_CONVERSION = YES;
				CLANG_WARN_DEPRECATED_OBJC_IMPLEMENTATIONS = YES;
				CLANG_WARN_DIRECT_OBJC_ISA_USAGE = YES_ERROR;
				CLANG_WARN_DOCUMENTATION_COMMENTS = YES;
				CLANG_WARN_EMPTY_BODY = YES;
				CLANG_WARN_ENUM_CONVERSION = YES;
				CLANG_WARN_INFINITE_RECURSION = YES;
				CLANG_WARN_INT_CONVERSION = YES;
				CLANG_WARN_NON_LITERAL_NULL_CONVERSION = YES;
				CLANG_WARN_OBJC_IMPLICIT_RETAIN_SELF = YES;
				CLANG_WARN_OBJC_LITERAL_CONVERSION = YES;
				CLANG_WARN_OBJC_ROOT_CLASS = YES_ERROR;
				CLANG_WARN_QUOTED_INCLUDE_IN_FRAMEWORK_HEADER = YES;
				CLANG_WARN_RANGE_LOOP_ANALYSIS = YES;
				CLANG_WARN_STRICT_PROTOTYPES = YES;
				CLANG_WARN_SUSPICIOUS_MOVE = YES;
				CLANG_WARN_UNGUARDED_AVAILABILITY = YES_AGGRESSIVE;
				CLANG_WARN_UNREACHABLE_CODE = YES;
				CLANG_WARN__DUPLICATE_METHOD_MATCH = YES;
				COPY_PHASE_STRIP = NO;
				DEBUG_INFORMATION_FORMAT = "dwarf-with-dsym";
				ENABLE_NS_ASSERTIONS = NO;
				ENABLE_STRICT_OBJC_MSGSEND = YES;
				GCC_C_LANGUAGE_STANDARD = gnu11;
				GCC_NO_COMMON_BLOCKS = YES;
				GCC_WARN_64_TO_32_BIT_CONVERSION = YES;
				GCC_WARN_ABOUT_RETURN_TYPE = YES_ERROR;
				GCC_WARN_UNDECLARED_SELECTOR = YES;
				GCC_WARN_UNINITIALIZED_AUTOS = YES_AGGRESSIVE;
				GCC_WARN_UNUSED_FUNCTION = YES;
				GCC_WARN_UNUSED_VARIABLE = YES;
				IPHONEOS_DEPLOYMENT_TARGET = 15.2;
				MTL_ENABLE_DEBUG_INFO = NO;
				MTL_FAST_MATH = YES;
				SDKROOT = iphoneos;
				SWIFT_COMPILATION_MODE = wholemodule;
				SWIFT_OPTIMIZATION_LEVEL = "-O";
				VALIDATE_PRODUCT = YES;
			};
			name = Release;
		};
		490B05572775718D00A761F7 /* Debug */ = {
			isa = XCBuildConfiguration;
			buildSettings = {
				ASSETCATALOG_COMPILER_APPICON_NAME = AppIcon;
				ASSETCATALOG_COMPILER_GLOBAL_ACCENT_COLOR_NAME = AccentColor;
				CODE_SIGN_STYLE = Automatic;
				CURRENT_PROJECT_VERSION = 1;
				DEVELOPMENT_ASSET_PATHS = "\"NewsAPI/Preview Content\"";
				DEVELOPMENT_TEAM = 8LFL44N4ND;
				ENABLE_PREVIEWS = YES;
				GENERATE_INFOPLIST_FILE = YES;
				INFOPLIST_FILE = NewsAPI/Info.plist;
				INFOPLIST_KEY_UIApplicationSceneManifest_Generation = YES;
				INFOPLIST_KEY_UIApplicationSupportsIndirectInputEvents = YES;
				INFOPLIST_KEY_UILaunchScreen_Generation = YES;
				INFOPLIST_KEY_UILaunchStoryboardName = SplashScreen;
				INFOPLIST_KEY_UISupportedInterfaceOrientations = UIInterfaceOrientationPortrait;
				INFOPLIST_KEY_UISupportedInterfaceOrientations_iPad = "UIInterfaceOrientationPortrait UIInterfaceOrientationPortraitUpsideDown UIInterfaceOrientationLandscapeLeft UIInterfaceOrientationLandscapeRight";
				INFOPLIST_KEY_UISupportedInterfaceOrientations_iPhone = "UIInterfaceOrientationPortrait UIInterfaceOrientationLandscapeLeft UIInterfaceOrientationLandscapeRight";
				IPHONEOS_DEPLOYMENT_TARGET = 15.0;
				LD_RUNPATH_SEARCH_PATHS = (
					"$(inherited)",
					"@executable_path/Frameworks",
				);
				MARKETING_VERSION = 1.0;
				PRODUCT_BUNDLE_IDENTIFIER = com.aces.NewsAPI;
				PRODUCT_NAME = "$(TARGET_NAME)";
				SWIFT_EMIT_LOC_STRINGS = YES;
				SWIFT_VERSION = 5.0;
				TARGETED_DEVICE_FAMILY = 1;
			};
			name = Debug;
		};
		490B05582775718D00A761F7 /* Release */ = {
			isa = XCBuildConfiguration;
			buildSettings = {
				ASSETCATALOG_COMPILER_APPICON_NAME = AppIcon;
				ASSETCATALOG_COMPILER_GLOBAL_ACCENT_COLOR_NAME = AccentColor;
				CODE_SIGN_STYLE = Automatic;
				CURRENT_PROJECT_VERSION = 1;
				DEVELOPMENT_ASSET_PATHS = "\"NewsAPI/Preview Content\"";
				DEVELOPMENT_TEAM = 8LFL44N4ND;
				ENABLE_PREVIEWS = YES;
				GENERATE_INFOPLIST_FILE = YES;
				INFOPLIST_FILE = NewsAPI/Info.plist;
				INFOPLIST_KEY_UIApplicationSceneManifest_Generation = YES;
				INFOPLIST_KEY_UIApplicationSupportsIndirectInputEvents = YES;
				INFOPLIST_KEY_UILaunchScreen_Generation = YES;
				INFOPLIST_KEY_UILaunchStoryboardName = SplashScreen;
				INFOPLIST_KEY_UISupportedInterfaceOrientations = UIInterfaceOrientationPortrait;
				INFOPLIST_KEY_UISupportedInterfaceOrientations_iPad = "UIInterfaceOrientationPortrait UIInterfaceOrientationPortraitUpsideDown UIInterfaceOrientationLandscapeLeft UIInterfaceOrientationLandscapeRight";
				INFOPLIST_KEY_UISupportedInterfaceOrientations_iPhone = "UIInterfaceOrientationPortrait UIInterfaceOrientationLandscapeLeft UIInterfaceOrientationLandscapeRight";
				IPHONEOS_DEPLOYMENT_TARGET = 15.0;
				LD_RUNPATH_SEARCH_PATHS = (
					"$(inherited)",
					"@executable_path/Frameworks",
				);
				MARKETING_VERSION = 1.0;
				PRODUCT_BUNDLE_IDENTIFIER = com.aces.NewsAPI;
				PRODUCT_NAME = "$(TARGET_NAME)";
				SWIFT_EMIT_LOC_STRINGS = YES;
				SWIFT_VERSION = 5.0;
				TARGETED_DEVICE_FAMILY = 1;
			};
			name = Release;
		};
		490B055A2775718D00A761F7 /* Debug */ = {
			isa = XCBuildConfiguration;
			buildSettings = {
				ALWAYS_EMBED_SWIFT_STANDARD_LIBRARIES = YES;
				BUNDLE_LOADER = "$(TEST_HOST)";
				CODE_SIGN_STYLE = Automatic;
				CURRENT_PROJECT_VERSION = 1;
				DEVELOPMENT_TEAM = 8LFL44N4ND;
				GENERATE_INFOPLIST_FILE = YES;
				IPHONEOS_DEPLOYMENT_TARGET = 15.2;
				MARKETING_VERSION = 1.0;
				PRODUCT_BUNDLE_IDENTIFIER = com.aces.NewsAPITests;
				PRODUCT_NAME = "$(TARGET_NAME)";
				SWIFT_EMIT_LOC_STRINGS = NO;
				SWIFT_VERSION = 5.0;
				TARGETED_DEVICE_FAMILY = "1,2";
				TEST_HOST = "$(BUILT_PRODUCTS_DIR)/NewsAPI.app/NewsAPI";
			};
			name = Debug;
		};
		490B055B2775718D00A761F7 /* Release */ = {
			isa = XCBuildConfiguration;
			buildSettings = {
				ALWAYS_EMBED_SWIFT_STANDARD_LIBRARIES = YES;
				BUNDLE_LOADER = "$(TEST_HOST)";
				CODE_SIGN_STYLE = Automatic;
				CURRENT_PROJECT_VERSION = 1;
				DEVELOPMENT_TEAM = 8LFL44N4ND;
				GENERATE_INFOPLIST_FILE = YES;
				IPHONEOS_DEPLOYMENT_TARGET = 15.2;
				MARKETING_VERSION = 1.0;
				PRODUCT_BUNDLE_IDENTIFIER = com.aces.NewsAPITests;
				PRODUCT_NAME = "$(TARGET_NAME)";
				SWIFT_EMIT_LOC_STRINGS = NO;
				SWIFT_VERSION = 5.0;
				TARGETED_DEVICE_FAMILY = "1,2";
				TEST_HOST = "$(BUILT_PRODUCTS_DIR)/NewsAPI.app/NewsAPI";
			};
			name = Release;
		};
		490B055D2775718D00A761F7 /* Debug */ = {
			isa = XCBuildConfiguration;
			buildSettings = {
				ALWAYS_EMBED_SWIFT_STANDARD_LIBRARIES = YES;
				CODE_SIGN_STYLE = Automatic;
				CURRENT_PROJECT_VERSION = 1;
				DEVELOPMENT_TEAM = 8LFL44N4ND;
				GENERATE_INFOPLIST_FILE = YES;
				MARKETING_VERSION = 1.0;
				PRODUCT_BUNDLE_IDENTIFIER = com.aces.NewsAPIUITests;
				PRODUCT_NAME = "$(TARGET_NAME)";
				SWIFT_EMIT_LOC_STRINGS = NO;
				SWIFT_VERSION = 5.0;
				TARGETED_DEVICE_FAMILY = "1,2";
				TEST_TARGET_NAME = NewsAPI;
			};
			name = Debug;
		};
		490B055E2775718D00A761F7 /* Release */ = {
			isa = XCBuildConfiguration;
			buildSettings = {
				ALWAYS_EMBED_SWIFT_STANDARD_LIBRARIES = YES;
				CODE_SIGN_STYLE = Automatic;
				CURRENT_PROJECT_VERSION = 1;
				DEVELOPMENT_TEAM = 8LFL44N4ND;
				GENERATE_INFOPLIST_FILE = YES;
				MARKETING_VERSION = 1.0;
				PRODUCT_BUNDLE_IDENTIFIER = com.aces.NewsAPIUITests;
				PRODUCT_NAME = "$(TARGET_NAME)";
				SWIFT_EMIT_LOC_STRINGS = NO;
				SWIFT_VERSION = 5.0;
				TARGETED_DEVICE_FAMILY = "1,2";
				TEST_TARGET_NAME = NewsAPI;
			};
			name = Release;
		};
/* End XCBuildConfiguration section */

/* Begin XCConfigurationList section */
		490B052D2775718A00A761F7 /* Build configuration list for PBXProject "NewsAPI" */ = {
			isa = XCConfigurationList;
			buildConfigurations = (
				490B05542775718D00A761F7 /* Debug */,
				490B05552775718D00A761F7 /* Release */,
			);
			defaultConfigurationIsVisible = 0;
			defaultConfigurationName = Release;
		};
		490B05562775718D00A761F7 /* Build configuration list for PBXNativeTarget "NewsAPI" */ = {
			isa = XCConfigurationList;
			buildConfigurations = (
				490B05572775718D00A761F7 /* Debug */,
				490B05582775718D00A761F7 /* Release */,
			);
			defaultConfigurationIsVisible = 0;
			defaultConfigurationName = Release;
		};
		490B05592775718D00A761F7 /* Build configuration list for PBXNativeTarget "NewsAPITests" */ = {
			isa = XCConfigurationList;
			buildConfigurations = (
				490B055A2775718D00A761F7 /* Debug */,
				490B055B2775718D00A761F7 /* Release */,
			);
			defaultConfigurationIsVisible = 0;
			defaultConfigurationName = Release;
		};
		490B055C2775718D00A761F7 /* Build configuration list for PBXNativeTarget "NewsAPIUITests" */ = {
			isa = XCConfigurationList;
			buildConfigurations = (
				490B055D2775718D00A761F7 /* Debug */,
				490B055E2775718D00A761F7 /* Release */,
			);
			defaultConfigurationIsVisible = 0;
			defaultConfigurationName = Release;
		};
/* End XCConfigurationList section */

/* Begin XCRemoteSwiftPackageReference section */
		490B05CC2777BECB00A761F7 /* XCRemoteSwiftPackageReference "SDWebImageSwiftUI" */ = {
			isa = XCRemoteSwiftPackageReference;
			repositoryURL = "https://github.com/SDWebImage/SDWebImageSwiftUI";
			requirement = {
				kind = upToNextMajorVersion;
				minimumVersion = 2.0.0;
			};
		};
		490B05F5277AA5EB00A761F7 /* XCRemoteSwiftPackageReference "Alamofire" */ = {
			isa = XCRemoteSwiftPackageReference;
			repositoryURL = "https://github.com/Alamofire/Alamofire";
			requirement = {
				kind = upToNextMajorVersion;
				minimumVersion = 5.0.0;
			};
		};
/* End XCRemoteSwiftPackageReference section */

/* Begin XCSwiftPackageProductDependency section */
		490B05CD2777BECB00A761F7 /* SDWebImageSwiftUI */ = {
			isa = XCSwiftPackageProductDependency;
			package = 490B05CC2777BECB00A761F7 /* XCRemoteSwiftPackageReference "SDWebImageSwiftUI" */;
			productName = SDWebImageSwiftUI;
		};
		490B05F6277AA5EB00A761F7 /* Alamofire */ = {
			isa = XCSwiftPackageProductDependency;
			package = 490B05F5277AA5EB00A761F7 /* XCRemoteSwiftPackageReference "Alamofire" */;
			productName = Alamofire;
		};
/* End XCSwiftPackageProductDependency section */
	};
	rootObject = 490B052A2775718A00A761F7 /* Project object */;
}
